
Microsoft Visual Studio Solution File, Format Version 12.00
# Visual Studio Version 16
VisualStudioVersion = 16.0.30225.117
MinimumVisualStudioVersion = 10.0.40219.1
Project("{FAE04EC0-301F-11D3-BF4B-00C04F79EFBC}") = "newmvccore", "newmvccore.csproj", "{D88E464D-2B32-40AB-ADA1-2D3EF0CD73F1}"
EndProject
Global
	GlobalSection(SolutionConfigurationPlatforms) = preSolution
		Debug|Any CPU = Debug|Any CPU
		Release|Any CPU = Release|Any CPU
	EndGlobalSection
	GlobalSection(ProjectConfigurationPlatforms) = postSolution
		{D88E464D-2B32-40AB-ADA1-2D3EF0CD73F1}.Debug|Any CPU.ActiveCfg = Debug|Any CPU
		{D88E464D-2B32-40AB-ADA1-2D3EF0CD73F1}.Debug|Any CPU.Build.0 = Debug|Any CPU
		{D88E464D-2B32-40AB-ADA1-2D3EF0CD73F1}.Release|Any CPU.ActiveCfg = Release|Any CPU
		{D88E464D-2B32-40AB-ADA1-2D3EF0CD73F1}.Release|Any CPU.Build.0 = Release|Any CPU
	EndGlobalSection
	GlobalSection(SolutionProperties) = preSolution
		HideSolutionNode = FALSE
	EndGlobalSection
	GlobalSection(ExtensibilityGlobals) = postSolution
		SolutionGuid = {74067D4F-314A-4BBD-8F6C-FEDE318AB175}
	EndGlobalSection
EndGlobal
